// !$*UTF8*$!
{
	archiveVersion = 1;
	classes = {
	};
	objectVersion = 50;
	objects = {

/* Begin PBXBuildFile section */
		53AE14EE223A4679009305BA /* AppDelegate.swift in Sources */ = {isa = PBXBuildFile; fileRef = 53AE14ED223A4679009305BA /* AppDelegate.swift */; };
		53AE14F0223A4679009305BA /* ViewController.swift in Sources */ = {isa = PBXBuildFile; fileRef = 53AE14EF223A4679009305BA /* ViewController.swift */; };
		53AE14F3223A4679009305BA /* Main.storyboard in Resources */ = {isa = PBXBuildFile; fileRef = 53AE14F1223A4679009305BA /* Main.storyboard */; };
		53AE14F5223A467B009305BA /* Assets.xcassets in Resources */ = {isa = PBXBuildFile; fileRef = 53AE14F4223A467B009305BA /* Assets.xcassets */; };
		53AE14F8223A467B009305BA /* LaunchScreen.storyboard in Resources */ = {isa = PBXBuildFile; fileRef = 53AE14F6223A467B009305BA /* LaunchScreen.storyboard */; };
		53AE1503223A467B009305BA /* LBSumAppTests.swift in Sources */ = {isa = PBXBuildFile; fileRef = 53AE1502223A467B009305BA /* LBSumAppTests.swift */; };
		53AE150E223A467B009305BA /* LBSumAppUITests.swift in Sources */ = {isa = PBXBuildFile; fileRef = 53AE150D223A467B009305BA /* LBSumAppUITests.swift */; };
		53AE151C223A5700009305BA /* SumController.swift in Sources */ = {isa = PBXBuildFile; fileRef = 53AE151B223A5700009305BA /* SumController.swift */; };
		53AE151E223A5763009305BA /* SumInteractor.swift in Sources */ = {isa = PBXBuildFile; fileRef = 53AE151D223A5762009305BA /* SumInteractor.swift */; };
		53AE1520223A576E009305BA /* SumRouter.swift in Sources */ = {isa = PBXBuildFile; fileRef = 53AE151F223A576E009305BA /* SumRouter.swift */; };
/* End PBXBuildFile section */

/* Begin PBXContainerItemProxy section */
		53AE14FF223A467B009305BA /* PBXContainerItemProxy */ = {
			isa = PBXContainerItemProxy;
			containerPortal = 53AE14E2223A4679009305BA /* Project object */;
			proxyType = 1;
			remoteGlobalIDString = 53AE14E9223A4679009305BA;
			remoteInfo = LBSumApp;
		};
		53AE150A223A467B009305BA /* PBXContainerItemProxy */ = {
			isa = PBXContainerItemProxy;
			containerPortal = 53AE14E2223A4679009305BA /* Project object */;
			proxyType = 1;
			remoteGlobalIDString = 53AE14E9223A4679009305BA;
			remoteInfo = LBSumApp;
		};
/* End PBXContainerItemProxy section */

/* Begin PBXFileReference section */
		53AE14EA223A4679009305BA /* LBSumApp.app */ = {isa = PBXFileReference; explicitFileType = wrapper.application; includeInIndex = 0; path = LBSumApp.app; sourceTree = BUILT_PRODUCTS_DIR; };
		53AE14ED223A4679009305BA /* AppDelegate.swift */ = {isa = PBXFileReference; lastKnownFileType = sourcecode.swift; path = AppDelegate.swift; sourceTree = "<group>"; };
		53AE14EF223A4679009305BA /* ViewController.swift */ = {isa = PBXFileReference; lastKnownFileType = sourcecode.swift; path = ViewController.swift; sourceTree = "<group>"; };
		53AE14F2223A4679009305BA /* Base */ = {isa = PBXFileReference; lastKnownFileType = file.storyboard; name = Base; path = Base.lproj/Main.storyboard; sourceTree = "<group>"; };
		53AE14F4223A467B009305BA /* Assets.xcassets */ = {isa = PBXFileReference; lastKnownFileType = folder.assetcatalog; path = Assets.xcassets; sourceTree = "<group>"; };
		53AE14F7223A467B009305BA /* Base */ = {isa = PBXFileReference; lastKnownFileType = file.storyboard; name = Base; path = Base.lproj/LaunchScreen.storyboard; sourceTree = "<group>"; };
		53AE14F9223A467B009305BA /* Info.plist */ = {isa = PBXFileReference; lastKnownFileType = text.plist.xml; path = Info.plist; sourceTree = "<group>"; };
		53AE14FE223A467B009305BA /* LBSumAppTests.xctest */ = {isa = PBXFileReference; explicitFileType = wrapper.cfbundle; includeInIndex = 0; path = LBSumAppTests.xctest; sourceTree = BUILT_PRODUCTS_DIR; };
		53AE1502223A467B009305BA /* LBSumAppTests.swift */ = {isa = PBXFileReference; lastKnownFileType = sourcecode.swift; path = LBSumAppTests.swift; sourceTree = "<group>"; };
		53AE1504223A467B009305BA /* Info.plist */ = {isa = PBXFileReference; lastKnownFileType = text.plist.xml; path = Info.plist; sourceTree = "<group>"; };
		53AE1509223A467B009305BA /* LBSumAppUITests.xctest */ = {isa = PBXFileReference; explicitFileType = wrapper.cfbundle; includeInIndex = 0; path = LBSumAppUITests.xctest; sourceTree = BUILT_PRODUCTS_DIR; };
		53AE150D223A467B009305BA /* LBSumAppUITests.swift */ = {isa = PBXFileReference; lastKnownFileType = sourcecode.swift; path = LBSumAppUITests.swift; sourceTree = "<group>"; };
		53AE150F223A467B009305BA /* Info.plist */ = {isa = PBXFileReference; lastKnownFileType = text.plist.xml; path = Info.plist; sourceTree = "<group>"; };
		53AE151B223A5700009305BA /* SumController.swift */ = {isa = PBXFileReference; lastKnownFileType = sourcecode.swift; path = SumController.swift; sourceTree = "<group>"; };
		53AE151D223A5762009305BA /* SumInteractor.swift */ = {isa = PBXFileReference; lastKnownFileType = sourcecode.swift; path = SumInteractor.swift; sourceTree = "<group>"; };
		53AE151F223A576E009305BA /* SumRouter.swift */ = {isa = PBXFileReference; lastKnownFileType = sourcecode.swift; path = SumRouter.swift; sourceTree = "<group>"; };
/* End PBXFileReference section */

/* Begin PBXFrameworksBuildPhase section */
		53AE14E7223A4679009305BA /* Frameworks */ = {
			isa = PBXFrameworksBuildPhase;
			buildActionMask = 2147483647;
			files = (
			);
			runOnlyForDeploymentPostprocessing = 0;
		};
		53AE14FB223A467B009305BA /* Frameworks */ = {
			isa = PBXFrameworksBuildPhase;
			buildActionMask = 2147483647;
			files = (
			);
			runOnlyForDeploymentPostprocessing = 0;
		};
		53AE1506223A467B009305BA /* Frameworks */ = {
			isa = PBXFrameworksBuildPhase;
			buildActionMask = 2147483647;
			files = (
			);
			runOnlyForDeploymentPostprocessing = 0;
		};
/* End PBXFrameworksBuildPhase section */

/* Begin PBXGroup section */
		53AE14E1223A4679009305BA = {
			isa = PBXGroup;
			children = (
				53AE14EC223A4679009305BA /* LBSumApp */,
				53AE1501223A467B009305BA /* LBSumAppTests */,
				53AE150C223A467B009305BA /* LBSumAppUITests */,
				53AE14EB223A4679009305BA /* Products */,
			);
			sourceTree = "<group>";
		};
		53AE14EB223A4679009305BA /* Products */ = {
			isa = PBXGroup;
			children = (
				53AE14EA223A4679009305BA /* LBSumApp.app */,
				53AE14FE223A467B009305BA /* LBSumAppTests.xctest */,
				53AE1509223A467B009305BA /* LBSumAppUITests.xctest */,
			);
			name = Products;
			sourceTree = "<group>";
		};
		53AE14EC223A4679009305BA /* LBSumApp */ = {
			isa = PBXGroup;
			children = (
				53AE14ED223A4679009305BA /* AppDelegate.swift */,
				53AE14EF223A4679009305BA /* ViewController.swift */,
				53AE151B223A5700009305BA /* SumController.swift */,
				53AE151D223A5762009305BA /* SumInteractor.swift */,
				53AE151F223A576E009305BA /* SumRouter.swift */,
				53AE14F1223A4679009305BA /* Main.storyboard */,
				53AE14F4223A467B009305BA /* Assets.xcassets */,
				53AE14F6223A467B009305BA /* LaunchScreen.storyboard */,
				53AE14F9223A467B009305BA /* Info.plist */,
			);
			path = LBSumApp;
			sourceTree = "<group>";
		};
		53AE1501223A467B009305BA /* LBSumAppTests */ = {
			isa = PBXGroup;
			children = (
				53AE1502223A467B009305BA /* LBSumAppTests.swift */,
				53AE1504223A467B009305BA /* Info.plist */,
			);
			path = LBSumAppTests;
			sourceTree = "<group>";
		};
		53AE150C223A467B009305BA /* LBSumAppUITests */ = {
			isa = PBXGroup;
			children = (
				53AE150D223A467B009305BA /* LBSumAppUITests.swift */,
				53AE150F223A467B009305BA /* Info.plist */,
			);
			path = LBSumAppUITests;
			sourceTree = "<group>";
		};
/* End PBXGroup section */

/* Begin PBXNativeTarget section */
		53AE14E9223A4679009305BA /* LBSumApp */ = {
			isa = PBXNativeTarget;
			buildConfigurationList = 53AE1512223A467B009305BA /* Build configuration list for PBXNativeTarget "LBSumApp" */;
			buildPhases = (
				53AE14E6223A4679009305BA /* Sources */,
				53AE14E7223A4679009305BA /* Frameworks */,
				53AE14E8223A4679009305BA /* Resources */,
			);
			buildRules = (
			);
			dependencies = (
			);
			name = LBSumApp;
			productName = LBSumApp;
			productReference = 53AE14EA223A4679009305BA /* LBSumApp.app */;
			productType = "com.apple.product-type.application";
		};
		53AE14FD223A467B009305BA /* LBSumAppTests */ = {
			isa = PBXNativeTarget;
			buildConfigurationList = 53AE1515223A467B009305BA /* Build configuration list for PBXNativeTarget "LBSumAppTests" */;
			buildPhases = (
				53AE14FA223A467B009305BA /* Sources */,
				53AE14FB223A467B009305BA /* Frameworks */,
				53AE14FC223A467B009305BA /* Resources */,
			);
			buildRules = (
			);
			dependencies = (
				53AE1500223A467B009305BA /* PBXTargetDependency */,
			);
			name = LBSumAppTests;
			productName = LBSumAppTests;
			productReference = 53AE14FE223A467B009305BA /* LBSumAppTests.xctest */;
			productType = "com.apple.product-type.bundle.unit-test";
		};
		53AE1508223A467B009305BA /* LBSumAppUITests */ = {
			isa = PBXNativeTarget;
			buildConfigurationList = 53AE1518223A467B009305BA /* Build configuration list for PBXNativeTarget "LBSumAppUITests" */;
			buildPhases = (
				53AE1505223A467B009305BA /* Sources */,
				53AE1506223A467B009305BA /* Frameworks */,
				53AE1507223A467B009305BA /* Resources */,
			);
			buildRules = (
			);
			dependencies = (
				53AE150B223A467B009305BA /* PBXTargetDependency */,
			);
			name = LBSumAppUITests;
			productName = LBSumAppUITests;
			productReference = 53AE1509223A467B009305BA /* LBSumAppUITests.xctest */;
			productType = "com.apple.product-type.bundle.ui-testing";
		};
/* End PBXNativeTarget section */

/* Begin PBXProject section */
		53AE14E2223A4679009305BA /* Project object */ = {
			isa = PBXProject;
			attributes = {
				LastSwiftUpdateCheck = 1010;
				LastUpgradeCheck = 1010;
				ORGANIZATIONNAME = "Wira Setiawan";
				TargetAttributes = {
					53AE14E9223A4679009305BA = {
						CreatedOnToolsVersion = 10.1;
					};
					53AE14FD223A467B009305BA = {
						CreatedOnToolsVersion = 10.1;
						TestTargetID = 53AE14E9223A4679009305BA;
					};
					53AE1508223A467B009305BA = {
						CreatedOnToolsVersion = 10.1;
						TestTargetID = 53AE14E9223A4679009305BA;
					};
				};
			};
			buildConfigurationList = 53AE14E5223A4679009305BA /* Build configuration list for PBXProject "LBSumApp" */;
			compatibilityVersion = "Xcode 9.3";
			developmentRegion = en;
			hasScannedForEncodings = 0;
			knownRegions = (
				en,
				Base,
			);
			mainGroup = 53AE14E1223A4679009305BA;
			productRefGroup = 53AE14EB223A4679009305BA /* Products */;
			projectDirPath = "";
			projectRoot = "";
			targets = (
				53AE14E9223A4679009305BA /* LBSumApp */,
				53AE14FD223A467B009305BA /* LBSumAppTests */,
				53AE1508223A467B009305BA /* LBSumAppUITests */,
			);
		};
/* End PBXProject section */

/* Begin PBXResourcesBuildPhase section */
		53AE14E8223A4679009305BA /* Resources */ = {
			isa = PBXResourcesBuildPhase;
			buildActionMask = 2147483647;
			files = (
				53AE14F8223A467B009305BA /* LaunchScreen.storyboard in Resources */,
				53AE14F5223A467B009305BA /* Assets.xcassets in Resources */,
				53AE14F3223A4679009305BA /* Main.storyboard in Resources */,
			);
			runOnlyForDeploymentPostprocessing = 0;
		};
		53AE14FC223A467B009305BA /* Resources */ = {
			isa = PBXResourcesBuildPhase;
			buildActionMask = 2147483647;
			files = (
			);
			runOnlyForDeploymentPostprocessing = 0;
		};
		53AE1507223A467B009305BA /* Resources */ = {
			isa = PBXResourcesBuildPhase;
			buildActionMask = 2147483647;
			files = (
			);
			runOnlyForDeploymentPostprocessing = 0;
		};
/* End PBXResourcesBuildPhase section */

/* Begin PBXSourcesBuildPhase section */
		53AE14E6223A4679009305BA /* Sources */ = {
			isa = PBXSourcesBuildPhase;
			buildActionMask = 2147483647;
			files = (
				53AE1520223A576E009305BA /* SumRouter.swift in Sources */,
				53AE14F0223A4679009305BA /* ViewController.swift in Sources */,
				53AE151C223A5700009305BA /* SumController.swift in Sources */,
				53AE151E223A5763009305BA /* SumInteractor.swift in Sources */,
				53AE14EE223A4679009305BA /* AppDelegate.swift in Sources */,
			);
			runOnlyForDeploymentPostprocessing = 0;
		};
		53AE14FA223A467B009305BA /* Sources */ = {
			isa = PBXSourcesBuildPhase;
			buildActionMask = 2147483647;
			files = (
				53AE1503223A467B009305BA /* LBSumAppTests.swift in Sources */,
			);
			runOnlyForDeploymentPostprocessing = 0;
		};
		53AE1505223A467B009305BA /* Sources */ = {
			isa = PBXSourcesBuildPhase;
			buildActionMask = 2147483647;
			files = (
				53AE150E223A467B009305BA /* LBSumAppUITests.swift in Sources */,
			);
			runOnlyForDeploymentPostprocessing = 0;
		};
/* End PBXSourcesBuildPhase section */

/* Begin PBXTargetDependency section */
		53AE1500223A467B009305BA /* PBXTargetDependency */ = {
			isa = PBXTargetDependency;
			target = 53AE14E9223A4679009305BA /* LBSumApp */;
			targetProxy = 53AE14FF223A467B009305BA /* PBXContainerItemProxy */;
		};
		53AE150B223A467B009305BA /* PBXTargetDependency */ = {
			isa = PBXTargetDependency;
			target = 53AE14E9223A4679009305BA /* LBSumApp */;
			targetProxy = 53AE150A223A467B009305BA /* PBXContainerItemProxy */;
		};
/* End PBXTargetDependency section */

/* Begin PBXVariantGroup section */
		53AE14F1223A4679009305BA /* Main.storyboard */ = {
			isa = PBXVariantGroup;
			children = (
				53AE14F2223A4679009305BA /* Base */,
			);
			name = Main.storyboard;
			sourceTree = "<group>";
		};
		53AE14F6223A467B009305BA /* LaunchScreen.storyboard */ = {
			isa = PBXVariantGroup;
			children = (
				53AE14F7223A467B009305BA /* Base */,
			);
			name = LaunchScreen.storyboard;
			sourceTree = "<group>";
		};
/* End PBXVariantGroup section */

/* Begin XCBuildConfiguration section */
		53AE1510223A467B009305BA /* Debug */ = {
			isa = XCBuildConfiguration;
			buildSettings = {
				ALWAYS_SEARCH_USER_PATHS = NO;
				CLANG_ANALYZER_NONNULL = YES;
				CLANG_ANALYZER_NUMBER_OBJECT_CONVERSION = YES_AGGRESSIVE;
				CLANG_CXX_LANGUAGE_STANDARD = "gnu++14";
				CLANG_CXX_LIBRARY = "libc++";
				CLANG_ENABLE_MODULES = YES;
				CLANG_ENABLE_OBJC_ARC = YES;
				CLANG_ENABLE_OBJC_WEAK = YES;
				CLANG_WARN_BLOCK_CAPTURE_AUTORELEASING = YES;
				CLANG_WARN_BOOL_CONVERSION = YES;
				CLANG_WARN_COMMA = YES;
				CLANG_WARN_CONSTANT_CONVERSION = YES;
				CLANG_WARN_DEPRECATED_OBJC_IMPLEMENTATIONS = YES;
				CLANG_WARN_DIRECT_OBJC_ISA_USAGE = YES_ERROR;
				CLANG_WARN_DOCUMENTATION_COMMENTS = YES;
				CLANG_WARN_EMPTY_BODY = YES;
				CLANG_WARN_ENUM_CONVERSION = YES;
				CLANG_WARN_INFINITE_RECURSION = YES;
				CLANG_WARN_INT_CONVERSION = YES;
				CLANG_WARN_NON_LITERAL_NULL_CONVERSION = YES;
				CLANG_WARN_OBJC_IMPLICIT_RETAIN_SELF = YES;
				CLANG_WARN_OBJC_LITERAL_CONVERSION = YES;
				CLANG_WARN_OBJC_ROOT_CLASS = YES_ERROR;
				CLANG_WARN_RANGE_LOOP_ANALYSIS = YES;
				CLANG_WARN_STRICT_PROTOTYPES = YES;
				CLANG_WARN_SUSPICIOUS_MOVE = YES;
				CLANG_WARN_UNGUARDED_AVAILABILITY = YES_AGGRESSIVE;
				CLANG_WARN_UNREACHABLE_CODE = YES;
				CLANG_WARN__DUPLICATE_METHOD_MATCH = YES;
				CODE_SIGN_IDENTITY = "iPhone Developer";
				COPY_PHASE_STRIP = NO;
				DEBUG_INFORMATION_FORMAT = dwarf;
				ENABLE_STRICT_OBJC_MSGSEND = YES;
				ENABLE_TESTABILITY = YES;
				GCC_C_LANGUAGE_STANDARD = gnu11;
				GCC_DYNAMIC_NO_PIC = NO;
				GCC_NO_COMMON_BLOCKS = YES;
				GCC_OPTIMIZATION_LEVEL = 0;
				GCC_PREPROCESSOR_DEFINITIONS = (
					"DEBUG=1",
					"$(inherited)",
				);
				GCC_WARN_64_TO_32_BIT_CONVERSION = YES;
				GCC_WARN_ABOUT_RETURN_TYPE = YES_ERROR;
				GCC_WARN_UNDECLARED_SELECTOR = YES;
				GCC_WARN_UNINITIALIZED_AUTOS = YES_AGGRESSIVE;
				GCC_WARN_UNUSED_FUNCTION = YES;
				GCC_WARN_UNUSED_VARIABLE = YES;
				IPHONEOS_DEPLOYMENT_TARGET = 12.1;
				MTL_ENABLE_DEBUG_INFO = INCLUDE_SOURCE;
				MTL_FAST_MATH = YES;
				ONLY_ACTIVE_ARCH = YES;
				SDKROOT = iphoneos;
				SWIFT_ACTIVE_COMPILATION_CONDITIONS = DEBUG;
				SWIFT_OPTIMIZATION_LEVEL = "-Onone";
			};
			name = Debug;
		};
		53AE1511223A467B009305BA /* Release */ = {
			isa = XCBuildConfiguration;
			buildSettings = {
				ALWAYS_SEARCH_USER_PATHS = NO;
				CLANG_ANALYZER_NONNULL = YES;
				CLANG_ANALYZER_NUMBER_OBJECT_CONVERSION = YES_AGGRESSIVE;
				CLANG_CXX_LANGUAGE_STANDARD = "gnu++14";
				CLANG_CXX_LIBRARY = "libc++";
				CLANG_ENABLE_MODULES = YES;
				CLANG_ENABLE_OBJC_ARC = YES;
				CLANG_ENABLE_OBJC_WEAK = YES;
				CLANG_WARN_BLOCK_CAPTURE_AUTORELEASING = YES;
				CLANG_WARN_BOOL_CONVERSION = YES;
				CLANG_WARN_COMMA = YES;
				CLANG_WARN_CONSTANT_CONVERSION = YES;
				CLANG_WARN_DEPRECATED_OBJC_IMPLEMENTATIONS = YES;
				CLANG_WARN_DIRECT_OBJC_ISA_USAGE = YES_ERROR;
				CLANG_WARN_DOCUMENTATION_COMMENTS = YES;
				CLANG_WARN_EMPTY_BODY = YES;
				CLANG_WARN_ENUM_CONVERSION = YES;
				CLANG_WARN_INFINITE_RECURSION = YES;
				CLANG_WARN_INT_CONVERSION = YES;
				CLANG_WARN_NON_LITERAL_NULL_CONVERSION = YES;
				CLANG_WARN_OBJC_IMPLICIT_RETAIN_SELF = YES;
				CLANG_WARN_OBJC_LITERAL_CONVERSION = YES;
				CLANG_WARN_OBJC_ROOT_CLASS = YES_ERROR;
				CLANG_WARN_RANGE_LOOP_ANALYSIS = YES;
				CLANG_WARN_STRICT_PROTOTYPES = YES;
				CLANG_WARN_SUSPICIOUS_MOVE = YES;
				CLANG_WARN_UNGUARDED_AVAILABILITY = YES_AGGRESSIVE;
				CLANG_WARN_UNREACHABLE_CODE = YES;
				CLANG_WARN__DUPLICATE_METHOD_MATCH = YES;
				CODE_SIGN_IDENTITY = "iPhone Developer";
				COPY_PHASE_STRIP = NO;
				DEBUG_INFORMATION_FORMAT = "dwarf-with-dsym";
				ENABLE_NS_ASSERTIONS = NO;
				ENABLE_STRICT_OBJC_MSGSEND = YES;
				GCC_C_LANGUAGE_STANDARD = gnu11;
				GCC_NO_COMMON_BLOCKS = YES;
				GCC_WARN_64_TO_32_BIT_CONVERSION = YES;
				GCC_WARN_ABOUT_RETURN_TYPE = YES_ERROR;
				GCC_WARN_UNDECLARED_SELECTOR = YES;
				GCC_WARN_UNINITIALIZED_AUTOS = YES_AGGRESSIVE;
				GCC_WARN_UNUSED_FUNCTION = YES;
				GCC_WARN_UNUSED_VARIABLE = YES;
				IPHONEOS_DEPLOYMENT_TARGET = 12.1;
				MTL_ENABLE_DEBUG_INFO = NO;
				MTL_FAST_MATH = YES;
				SDKROOT = iphoneos;
				SWIFT_COMPILATION_MODE = wholemodule;
				SWIFT_OPTIMIZATION_LEVEL = "-O";
				VALIDATE_PRODUCT = YES;
			};
			name = Release;
		};
		53AE1513223A467B009305BA /* Debug */ = {
			isa = XCBuildConfiguration;
			buildSettings = {
				ASSETCATALOG_COMPILER_APPICON_NAME = AppIcon;
				CODE_SIGN_STYLE = Automatic;
				DEVELOPMENT_TEAM = V8T9QUN6LP;
				INFOPLIST_FILE = LBSumApp/Info.plist;
				LD_RUNPATH_SEARCH_PATHS = (
					"$(inherited)",
					"@executable_path/Frameworks",
				);
				PRODUCT_BUNDLE_IDENTIFIER = com.wirasetiawan29.LBSumApp;
				PRODUCT_NAME = "$(TARGET_NAME)";
				SWIFT_VERSION = 4.2;
				TARGETED_DEVICE_FAMILY = "1,2";
			};
			name = Debug;
		};
		53AE1514223A467B009305BA /* Release */ = {
			isa = XCBuildConfiguration;
			buildSettings = {
				ASSETCATALOG_COMPILER_APPICON_NAME = AppIcon;
				CODE_SIGN_STYLE = Automatic;
				DEVELOPMENT_TEAM = V8T9QUN6LP;
				INFOPLIST_FILE = LBSumApp/Info.plist;
				LD_RUNPATH_SEARCH_PATHS = (
					"$(inherited)",
					"@executable_path/Frameworks",
				);
				PRODUCT_BUNDLE_IDENTIFIER = com.wirasetiawan29.LBSumApp;
				PRODUCT_NAME = "$(TARGET_NAME)";
				SWIFT_VERSION = 4.2;
				TARGETED_DEVICE_FAMILY = "1,2";
			};
			name = Release;
		};
		53AE1516223A467B009305BA /* Debug */ = {
			isa = XCBuildConfiguration;
			buildSettings = {
				ALWAYS_EMBED_SWIFT_STANDARD_LIBRARIES = YES;
				BUNDLE_LOADER = "$(TEST_HOST)";
				CODE_SIGN_STYLE = Automatic;
				DEVELOPMENT_TEAM = V8T9QUN6LP;
				INFOPLIST_FILE = LBSumAppTests/Info.plist;
				LD_RUNPATH_SEARCH_PATHS = (
					"$(inherited)",
					"@executable_path/Frameworks",
					"@loader_path/Frameworks",
				);
				PRODUCT_BUNDLE_IDENTIFIER = com.wirasetiawan29.LBSumAppTests;
				PRODUCT_NAME = "$(TARGET_NAME)";
				SWIFT_VERSION = 4.2;
				TARGETED_DEVICE_FAMILY = "1,2";
				TEST_HOST = "$(BUILT_PRODUCTS_DIR)/LBSumApp.app/LBSumApp";
			};
			name = Debug;
		};
		53AE1517223A467B009305BA /* Release */ = {
			isa = XCBuildConfiguration;
			buildSettings = {
				ALWAYS_EMBED_SWIFT_STANDARD_LIBRARIES = YES;
				BUNDLE_LOADER = "$(TEST_HOST)";
				CODE_SIGN_STYLE = Automatic;
				DEVELOPMENT_TEAM = V8T9QUN6LP;
				INFOPLIST_FILE = LBSumAppTests/Info.plist;
				LD_RUNPATH_SEARCH_PATHS = (
					"$(inherited)",
					"@executable_path/Frameworks",
					"@loader_path/Frameworks",
				);
				PRODUCT_BUNDLE_IDENTIFIER = com.wirasetiawan29.LBSumAppTests;
				PRODUCT_NAME = "$(TARGET_NAME)";
				SWIFT_VERSION = 4.2;
				TARGETED_DEVICE_FAMILY = "1,2";
				TEST_HOST = "$(BUILT_PRODUCTS_DIR)/LBSumApp.app/LBSumApp";
			};
			name = Release;
		};
		53AE1519223A467B009305BA /* Debug */ = {
			isa = XCBuildConfiguration;
			buildSettings = {
				ALWAYS_EMBED_SWIFT_STANDARD_LIBRARIES = YES;
				CODE_SIGN_STYLE = Automatic;
				DEVELOPMENT_TEAM = V8T9QUN6LP;
				INFOPLIST_FILE = LBSumAppUITests/Info.plist;
				LD_RUNPATH_SEARCH_PATHS = (
					"$(inherited)",
					"@executable_path/Frameworks",
					"@loader_path/Frameworks",
				);
				PRODUCT_BUNDLE_IDENTIFIER = com.wirasetiawan29.LBSumAppUITests;
				PRODUCT_NAME = "$(TARGET_NAME)";
				SWIFT_VERSION = 4.2;
				TARGETED_DEVICE_FAMILY = "1,2";
				TEST_TARGET_NAME = LBSumApp;
			};
			name = Debug;
		};
		53AE151A223A467B009305BA /* Release */ = {
			isa = XCBuildConfiguration;
			buildSettings = {
				ALWAYS_EMBED_SWIFT_STANDARD_LIBRARIES = YES;
				CODE_SIGN_STYLE = Automatic;
				DEVELOPMENT_TEAM = V8T9QUN6LP;
				INFOPLIST_FILE = LBSumAppUITests/Info.plist;
				LD_RUNPATH_SEARCH_PATHS = (
					"$(inherited)",
					"@executable_path/Frameworks",
					"@loader_path/Frameworks",
				);
				PRODUCT_BUNDLE_IDENTIFIER = com.wirasetiawan29.LBSumAppUITests;
				PRODUCT_NAME = "$(TARGET_NAME)";
				SWIFT_VERSION = 4.2;
				TARGETED_DEVICE_FAMILY = "1,2";
				TEST_TARGET_NAME = LBSumApp;
			};
			name = Release;
		};
/* End XCBuildConfiguration section */

/* Begin XCConfigurationList section */
		53AE14E5223A4679009305BA /* Build configuration list for PBXProject "LBSumApp" */ = {
			isa = XCConfigurationList;
			buildConfigurations = (
				53AE1510223A467B009305BA /* Debug */,
				53AE1511223A467B009305BA /* Release */,
			);
			defaultConfigurationIsVisible = 0;
			defaultConfigurationName = Release;
		};
		53AE1512223A467B009305BA /* Build configuration list for PBXNativeTarget "LBSumApp" */ = {
			isa = XCConfigurationList;
			buildConfigurations = (
				53AE1513223A467B009305BA /* Debug */,
				53AE1514223A467B009305BA /* Release */,
			);
			defaultConfigurationIsVisible = 0;
			defaultConfigurationName = Release;
		};
		53AE1515223A467B009305BA /* Build configuration list for PBXNativeTarget "LBSumAppTests" */ = {
			isa = XCConfigurationList;
			buildConfigurations = (
				53AE1516223A467B009305BA /* Debug */,
				53AE1517223A467B009305BA /* Release */,
			);
			defaultConfigurationIsVisible = 0;
			defaultConfigurationName = Release;
		};
		53AE1518223A467B009305BA /* Build configuration list for PBXNativeTarget "LBSumAppUITests" */ = {
			isa = XCConfigurationList;
			buildConfigurations = (
				53AE1519223A467B009305BA /* Debug */,
				53AE151A223A467B009305BA /* Release */,
			);
			defaultConfigurationIsVisible = 0;
			defaultConfigurationName = Release;
		};
/* End XCConfigurationList section */
	};
	rootObject = 53AE14E2223A4679009305BA /* Project object */;
}
